
Microsoft Visual Studio Solution File, Format Version 12.00
Project("{FAE04EC0-301F-11D3-BF4B-00C04F79EFBC}") = "WhiteLagoon.Web", "WhiteLagoon.Web\WhiteLagoon.Web.csproj", "{64C47149-6376-4FB2-8046-A202BF8CFEEC}"
EndProject
Global
	GlobalSection(SolutionConfigurationPlatforms) = preSolution
		Debug|Any CPU = Debug|Any CPU
		Release|Any CPU = Release|Any CPU
	EndGlobalSection
	GlobalSection(ProjectConfigurationPlatforms) = postSolution
		{64C47149-6376-4FB2-8046-A202BF8CFEEC}.Debug|Any CPU.ActiveCfg = Debug|Any CPU
		{64C47149-6376-4FB2-8046-A202BF8CFEEC}.Debug|Any CPU.Build.0 = Debug|Any CPU
		{64C47149-6376-4FB2-8046-A202BF8CFEEC}.Release|Any CPU.ActiveCfg = Release|Any CPU
		{64C47149-6376-4FB2-8046-A202BF8CFEEC}.Release|Any CPU.Build.0 = Release|Any CPU
	EndGlobalSection
EndGlobal
